{
  "version": 4,
  "terraform_version": "1.1.3",
  "serial": 82,
  "lineage": "afaddd00-a659-0bcd-2903-d1a02dee871d",
  "outputs": {},
  "resources": [
    {
      "mode": "data",
      "type": "template_file",
      "name": "maria-vm-cloud-init",
      "provider": "provider[\"registry.terraform.io/hashicorp/template\"]",
      "instances": [
        {
          "index_key": 0,
          "schema_version": 0,
          "attributes": {
            "filename": null,
            "id": "07d5367994b7dbd73180e21cc0d7179c1c3bed9bed75efbdd7212a282d3bac08",
            "rendered": "#!/bin/bash\r\n \r\n# ************************************************************************\r\n# function 4 server config\r\n#\r\nconfigure_mysqlserver() {\r\n    sudo sed -i -e '1,$s/bind\\-address.*127\\.0\\.0\\.1/bind\\-address\\ \\ \\=\\ 0\\.0\\.0\\.0/g' /etc/mysql/mysql.conf.d/mysqld.cnf\r\n    sudo systemctl restart mysql\r\n}\r\n \r\n\r\n# ************************************************************************\r\n# configure admin user\r\n#\r\nsudo apt install mysql-server-5.7 -y\r\nsudo mkdir -p /var/run/mysqld\r\nsudo chown mysql:mysql /var/run/mysqld\r\nsudo systemctl enable mysql\r\nsudo echo \"CREATE USER 'sqladmin'@'%' IDENTIFIED BY 'blackmaria';\" | mysql -u root\r\nsudo echo \"GRANT ALL on *.* TO 'sqladmin'@'%' WITH GRANT OPTION;\" | mysql -u root\r\n# ************************************************************************\r\n# server config\r\n#\r\nconfigure_mysqlserver\r\n",
            "template": "#!/bin/bash\r\n \r\n# ************************************************************************\r\n# function 4 server config\r\n#\r\nconfigure_mysqlserver() {\r\n    sudo sed -i -e '1,$s/bind\\-address.*127\\.0\\.0\\.1/bind\\-address\\ \\ \\=\\ 0\\.0\\.0\\.0/g' /etc/mysql/mysql.conf.d/mysqld.cnf\r\n    sudo systemctl restart mysql\r\n}\r\n \r\n\r\n# ************************************************************************\r\n# configure admin user\r\n#\r\nsudo apt install mysql-server-5.7 -y\r\nsudo mkdir -p /var/run/mysqld\r\nsudo chown mysql:mysql /var/run/mysqld\r\nsudo systemctl enable mysql\r\nsudo echo \"CREATE USER 'sqladmin'@'%' IDENTIFIED BY 'blackmaria';\" | mysql -u root\r\nsudo echo \"GRANT ALL on *.* TO 'sqladmin'@'%' WITH GRANT OPTION;\" | mysql -u root\r\n# ************************************************************************\r\n# server config\r\n#\r\nconfigure_mysqlserver\r\n",
            "vars": {
              "db_fqdn": "swit165az303-maria0.westeurope.cloudapp.azure.com",
              "db_pwd": "blackmaria",
              "db_user": "sqladmin"
            }
          },
          "sensitive_attributes": []
        },
        {
          "index_key": 1,
          "schema_version": 0,
          "attributes": {
            "filename": null,
            "id": "07d5367994b7dbd73180e21cc0d7179c1c3bed9bed75efbdd7212a282d3bac08",
            "rendered": "#!/bin/bash\r\n \r\n# ************************************************************************\r\n# function 4 server config\r\n#\r\nconfigure_mysqlserver() {\r\n    sudo sed -i -e '1,$s/bind\\-address.*127\\.0\\.0\\.1/bind\\-address\\ \\ \\=\\ 0\\.0\\.0\\.0/g' /etc/mysql/mysql.conf.d/mysqld.cnf\r\n    sudo systemctl restart mysql\r\n}\r\n \r\n\r\n# ************************************************************************\r\n# configure admin user\r\n#\r\nsudo apt install mysql-server-5.7 -y\r\nsudo mkdir -p /var/run/mysqld\r\nsudo chown mysql:mysql /var/run/mysqld\r\nsudo systemctl enable mysql\r\nsudo echo \"CREATE USER 'sqladmin'@'%' IDENTIFIED BY 'blackmaria';\" | mysql -u root\r\nsudo echo \"GRANT ALL on *.* TO 'sqladmin'@'%' WITH GRANT OPTION;\" | mysql -u root\r\n# ************************************************************************\r\n# server config\r\n#\r\nconfigure_mysqlserver\r\n",
            "template": "#!/bin/bash\r\n \r\n# ************************************************************************\r\n# function 4 server config\r\n#\r\nconfigure_mysqlserver() {\r\n    sudo sed -i -e '1,$s/bind\\-address.*127\\.0\\.0\\.1/bind\\-address\\ \\ \\=\\ 0\\.0\\.0\\.0/g' /etc/mysql/mysql.conf.d/mysqld.cnf\r\n    sudo systemctl restart mysql\r\n}\r\n \r\n\r\n# ************************************************************************\r\n# configure admin user\r\n#\r\nsudo apt install mysql-server-5.7 -y\r\nsudo mkdir -p /var/run/mysqld\r\nsudo chown mysql:mysql /var/run/mysqld\r\nsudo systemctl enable mysql\r\nsudo echo \"CREATE USER 'sqladmin'@'%' IDENTIFIED BY 'blackmaria';\" | mysql -u root\r\nsudo echo \"GRANT ALL on *.* TO 'sqladmin'@'%' WITH GRANT OPTION;\" | mysql -u root\r\n# ************************************************************************\r\n# server config\r\n#\r\nconfigure_mysqlserver\r\n",
            "vars": {
              "db_fqdn": "swit165az303-maria1.westeurope.cloudapp.azure.com",
              "db_pwd": "blackmaria",
              "db_user": "sqladmin"
            }
          },
          "sensitive_attributes": []
        }
      ]
    },
    {
      "mode": "managed",
      "type": "azurerm_linux_virtual_machine",
      "name": "maria",
      "provider": "provider[\"registry.terraform.io/hashicorp/azurerm\"]",
      "instances": [
        {
          "index_key": 0,
          "schema_version": 0,
          "attributes": {
            "additional_capabilities": [],
            "admin_password": null,
            "admin_ssh_key": [
              {
                "public_key": "ssh-rsa AAAAB3NzaC1yc2EAAAADAQABAAABgQDEh9csFlXPHn9OnHXkWOHYsyAGj8NDhWQ8uGjdVcOl/t5gmv2BG3+d1kWtZYpuKwtBnLxajqcH9xr8kiAoezVRSZzl/EB97AprK1z/FErXoI3+JVblf7qAt3cst7SxwCxtnI5ZBcaD9ZG1r41Tf8AiMY+ww6Qf7KDgsxU3HKOSXOOSDoqo/YlC8fNnZL72MUbrCwk8RYmHTxkFS0PLBJjMvZrDqJQAlS134PcTPgZ3h7TwmcQf+eCEzIhtcItgDoG/ecPOXyZMoLggS1OjEnLqtJbe8Nl8xo/CzR503H2DRgrgjCBAeadvx4bhX2EAglHBZaCaS6GeLNiyITHa5noCbj9xCw8jTX3TZsxsgN4ahksIqoxQH+Fp+/cViQu4J9qHsgM8jns8ZbL+dhRekTnRpX+G0uXRGnJgwYZUPY5FENhRLbhdTQ2j0oi/bfZTAHTfCCAQfbsi3OvwNo/peHPB9EM2R/XyLQUV2f6lmj1aZCH5fCBgaD+V8FUP9bM75Y0= Stefan@Stefan\n",
                "username": "adminuser"
              }
            ],
            "admin_username": "adminuser",
            "allow_extension_operations": true,
            "availability_set_id": "",
            "boot_diagnostics": [],
            "computer_name": "maria-machine0",
            "custom_data": "IyEvYmluL2Jhc2gNCiANCiMgKioqKioqKioqKioqKioqKioqKioqKioqKioqKioqKioqKioqKioqKioqKioqKioqKioqKioqKioqKioqKioqKioqKioqKioqDQojIGZ1bmN0aW9uIDQgc2VydmVyIGNvbmZpZw0KIw0KY29uZmlndXJlX215c3Fsc2VydmVyKCkgew0KICAgIHN1ZG8gc2VkIC1pIC1lICcxLCRzL2JpbmRcLWFkZHJlc3MuKjEyN1wuMFwuMFwuMS9iaW5kXC1hZGRyZXNzXCBcIFw9XCAwXC4wXC4wXC4wL2cnIC9ldGMvbXlzcWwvbXlzcWwuY29uZi5kL215c3FsZC5jbmYNCiAgICBzdWRvIHN5c3RlbWN0bCByZXN0YXJ0IG15c3FsDQp9DQogDQoNCiMgKioqKioqKioqKioqKioqKioqKioqKioqKioqKioqKioqKioqKioqKioqKioqKioqKioqKioqKioqKioqKioqKioqKioqKioqDQojIGNvbmZpZ3VyZSBhZG1pbiB1c2VyDQojDQpzdWRvIGFwdCBpbnN0YWxsIG15c3FsLXNlcnZlci01LjcgLXkNCnN1ZG8gbWtkaXIgLXAgL3Zhci9ydW4vbXlzcWxkDQpzdWRvIGNob3duIG15c3FsOm15c3FsIC92YXIvcnVuL215c3FsZA0Kc3VkbyBzeXN0ZW1jdGwgZW5hYmxlIG15c3FsDQpzdWRvIGVjaG8gIkNSRUFURSBVU0VSICdzcWxhZG1pbidAJyUnIElERU5USUZJRUQgQlkgJ2JsYWNrbWFyaWEnOyIgfCBteXNxbCAtdSByb290DQpzdWRvIGVjaG8gIkdSQU5UIEFMTCBvbiAqLiogVE8gJ3NxbGFkbWluJ0AnJScgV0lUSCBHUkFOVCBPUFRJT047IiB8IG15c3FsIC11IHJvb3QNCiMgKioqKioqKioqKioqKioqKioqKioqKioqKioqKioqKioqKioqKioqKioqKioqKioqKioqKioqKioqKioqKioqKioqKioqKioqDQojIHNlcnZlciBjb25maWcNCiMNCmNvbmZpZ3VyZV9teXNxbHNlcnZlcg0K",
            "dedicated_host_id": "",
            "disable_password_authentication": true,
            "encryption_at_host_enabled": false,
            "eviction_policy": "",
            "extensions_time_budget": "PT1H30M",
            "id": "/subscriptions/f3aedf34-04a2-4e37-9b22-0a0b6dce14d6/resourceGroups/maria-resources/providers/Microsoft.Compute/virtualMachines/maria-machine0",
            "identity": [],
            "license_type": "",
            "location": "westeurope",
            "max_bid_price": -1,
            "name": "maria-machine0",
            "network_interface_ids": [
              "/subscriptions/f3aedf34-04a2-4e37-9b22-0a0b6dce14d6/resourceGroups/maria-resources/providers/Microsoft.Network/networkInterfaces/maria-nic0"
            ],
            "os_disk": [
              {
                "caching": "ReadWrite",
                "diff_disk_settings": [],
                "disk_encryption_set_id": "",
                "disk_size_gb": 30,
                "name": "maria-machine0_disk1_7c51a5f8826d41a89c6d337300f49513",
                "storage_account_type": "Standard_LRS",
                "write_accelerator_enabled": false
              }
            ],
            "patch_mode": "ImageDefault",
            "plan": [],
            "platform_fault_domain": -1,
            "priority": "Regular",
            "private_ip_address": "10.0.2.4",
            "private_ip_addresses": [
              "10.0.2.4"
            ],
            "provision_vm_agent": true,
            "proximity_placement_group_id": "",
            "public_ip_address": "20.126.49.170",
            "public_ip_addresses": [
              "20.126.49.170"
            ],
            "resource_group_name": "maria-resources",
            "secret": [],
            "secure_boot_enabled": false,
            "size": "Standard_B1ls",
            "source_image_id": "",
            "source_image_reference": [
              {
                "offer": "UbuntuServer",
                "publisher": "Canonical",
                "sku": "18.04-LTS",
                "version": "latest"
              }
            ],
            "tags": null,
            "timeouts": null,
            "virtual_machine_id": "10296250-fd30-4095-a11b-d72ac882167a",
            "virtual_machine_scale_set_id": "",
            "vtpm_enabled": false,
            "zone": ""
          },
          "sensitive_attributes": [],
          "private": "eyJlMmJmYjczMC1lY2FhLTExZTYtOGY4OC0zNDM2M2JjN2M0YzAiOnsiY3JlYXRlIjoyNzAwMDAwMDAwMDAwLCJkZWxldGUiOjI3MDAwMDAwMDAwMDAsInJlYWQiOjMwMDAwMDAwMDAwMCwidXBkYXRlIjoyNzAwMDAwMDAwMDAwfX0=",
          "dependencies": [
            "azurerm_network_interface.maria",
            "azurerm_public_ip.mariapi",
            "azurerm_resource_group.maria",
            "azurerm_subnet.maria",
            "azurerm_virtual_network.maria",
            "data.template_file.maria-vm-cloud-init"
          ]
        },
        {
          "index_key": 1,
          "schema_version": 0,
          "attributes": {
            "additional_capabilities": [],
            "admin_password": null,
            "admin_ssh_key": [
              {
                "public_key": "ssh-rsa AAAAB3NzaC1yc2EAAAADAQABAAABgQDEh9csFlXPHn9OnHXkWOHYsyAGj8NDhWQ8uGjdVcOl/t5gmv2BG3+d1kWtZYpuKwtBnLxajqcH9xr8kiAoezVRSZzl/EB97AprK1z/FErXoI3+JVblf7qAt3cst7SxwCxtnI5ZBcaD9ZG1r41Tf8AiMY+ww6Qf7KDgsxU3HKOSXOOSDoqo/YlC8fNnZL72MUbrCwk8RYmHTxkFS0PLBJjMvZrDqJQAlS134PcTPgZ3h7TwmcQf+eCEzIhtcItgDoG/ecPOXyZMoLggS1OjEnLqtJbe8Nl8xo/CzR503H2DRgrgjCBAeadvx4bhX2EAglHBZaCaS6GeLNiyITHa5noCbj9xCw8jTX3TZsxsgN4ahksIqoxQH+Fp+/cViQu4J9qHsgM8jns8ZbL+dhRekTnRpX+G0uXRGnJgwYZUPY5FENhRLbhdTQ2j0oi/bfZTAHTfCCAQfbsi3OvwNo/peHPB9EM2R/XyLQUV2f6lmj1aZCH5fCBgaD+V8FUP9bM75Y0= Stefan@Stefan\n",
                "username": "adminuser"
              }
            ],
            "admin_username": "adminuser",
            "allow_extension_operations": true,
            "availability_set_id": "",
            "boot_diagnostics": [],
            "computer_name": "maria-machine1",
            "custom_data": "IyEvYmluL2Jhc2gNCiANCiMgKioqKioqKioqKioqKioqKioqKioqKioqKioqKioqKioqKioqKioqKioqKioqKioqKioqKioqKioqKioqKioqKioqKioqKioqDQojIGZ1bmN0aW9uIDQgc2VydmVyIGNvbmZpZw0KIw0KY29uZmlndXJlX215c3Fsc2VydmVyKCkgew0KICAgIHN1ZG8gc2VkIC1pIC1lICcxLCRzL2JpbmRcLWFkZHJlc3MuKjEyN1wuMFwuMFwuMS9iaW5kXC1hZGRyZXNzXCBcIFw9XCAwXC4wXC4wXC4wL2cnIC9ldGMvbXlzcWwvbXlzcWwuY29uZi5kL215c3FsZC5jbmYNCiAgICBzdWRvIHN5c3RlbWN0bCByZXN0YXJ0IG15c3FsDQp9DQogDQoNCiMgKioqKioqKioqKioqKioqKioqKioqKioqKioqKioqKioqKioqKioqKioqKioqKioqKioqKioqKioqKioqKioqKioqKioqKioqDQojIGNvbmZpZ3VyZSBhZG1pbiB1c2VyDQojDQpzdWRvIGFwdCBpbnN0YWxsIG15c3FsLXNlcnZlci01LjcgLXkNCnN1ZG8gbWtkaXIgLXAgL3Zhci9ydW4vbXlzcWxkDQpzdWRvIGNob3duIG15c3FsOm15c3FsIC92YXIvcnVuL215c3FsZA0Kc3VkbyBzeXN0ZW1jdGwgZW5hYmxlIG15c3FsDQpzdWRvIGVjaG8gIkNSRUFURSBVU0VSICdzcWxhZG1pbidAJyUnIElERU5USUZJRUQgQlkgJ2JsYWNrbWFyaWEnOyIgfCBteXNxbCAtdSByb290DQpzdWRvIGVjaG8gIkdSQU5UIEFMTCBvbiAqLiogVE8gJ3NxbGFkbWluJ0AnJScgV0lUSCBHUkFOVCBPUFRJT047IiB8IG15c3FsIC11IHJvb3QNCiMgKioqKioqKioqKioqKioqKioqKioqKioqKioqKioqKioqKioqKioqKioqKioqKioqKioqKioqKioqKioqKioqKioqKioqKioqDQojIHNlcnZlciBjb25maWcNCiMNCmNvbmZpZ3VyZV9teXNxbHNlcnZlcg0K",
            "dedicated_host_id": "",
            "disable_password_authentication": true,
            "encryption_at_host_enabled": false,
            "eviction_policy": "",
            "extensions_time_budget": "PT1H30M",
            "id": "/subscriptions/f3aedf34-04a2-4e37-9b22-0a0b6dce14d6/resourceGroups/maria-resources/providers/Microsoft.Compute/virtualMachines/maria-machine1",
            "identity": [],
            "license_type": "",
            "location": "westeurope",
            "max_bid_price": -1,
            "name": "maria-machine1",
            "network_interface_ids": [
              "/subscriptions/f3aedf34-04a2-4e37-9b22-0a0b6dce14d6/resourceGroups/maria-resources/providers/Microsoft.Network/networkInterfaces/maria-nic1"
            ],
            "os_disk": [
              {
                "caching": "ReadWrite",
                "diff_disk_settings": [],
                "disk_encryption_set_id": "",
                "disk_size_gb": 30,
                "name": "maria-machine1_disk1_5aca65bed96b4fb396be6dfec3ddd156",
                "storage_account_type": "Standard_LRS",
                "write_accelerator_enabled": false
              }
            ],
            "patch_mode": "ImageDefault",
            "plan": [],
            "platform_fault_domain": -1,
            "priority": "Regular",
            "private_ip_address": "10.1.2.4",
            "private_ip_addresses": [
              "10.1.2.4"
            ],
            "provision_vm_agent": true,
            "proximity_placement_group_id": "",
            "public_ip_address": "51.144.117.37",
            "public_ip_addresses": [
              "51.144.117.37"
            ],
            "resource_group_name": "maria-resources",
            "secret": [],
            "secure_boot_enabled": false,
            "size": "Standard_B1ls",
            "source_image_id": "",
            "source_image_reference": [
              {
                "offer": "UbuntuServer",
                "publisher": "Canonical",
                "sku": "18.04-LTS",
                "version": "latest"
              }
            ],
            "tags": null,
            "timeouts": null,
            "virtual_machine_id": "74e4115b-5234-403e-b824-38cb35800c59",
            "virtual_machine_scale_set_id": "",
            "vtpm_enabled": false,
            "zone": ""
          },
          "sensitive_attributes": [],
          "private": "eyJlMmJmYjczMC1lY2FhLTExZTYtOGY4OC0zNDM2M2JjN2M0YzAiOnsiY3JlYXRlIjoyNzAwMDAwMDAwMDAwLCJkZWxldGUiOjI3MDAwMDAwMDAwMDAsInJlYWQiOjMwMDAwMDAwMDAwMCwidXBkYXRlIjoyNzAwMDAwMDAwMDAwfX0=",
          "dependencies": [
            "azurerm_network_interface.maria",
            "azurerm_public_ip.mariapi",
            "azurerm_resource_group.maria",
            "azurerm_subnet.maria",
            "azurerm_virtual_network.maria",
            "data.template_file.maria-vm-cloud-init"
          ]
        }
      ]
    },
    {
      "mode": "managed",
      "type": "azurerm_network_interface",
      "name": "maria",
      "provider": "provider[\"registry.terraform.io/hashicorp/azurerm\"]",
      "instances": [
        {
          "index_key": 0,
          "schema_version": 0,
          "attributes": {
            "applied_dns_servers": [],
            "dns_servers": [],
            "enable_accelerated_networking": false,
            "enable_ip_forwarding": false,
            "id": "/subscriptions/f3aedf34-04a2-4e37-9b22-0a0b6dce14d6/resourceGroups/maria-resources/providers/Microsoft.Network/networkInterfaces/maria-nic0",
            "internal_dns_name_label": "",
            "internal_domain_name_suffix": "d4abgsr4qipebn2ok13xpzbs1a.ax.internal.cloudapp.net",
            "ip_configuration": [
              {
                "gateway_load_balancer_frontend_ip_configuration_id": "",
                "name": "internal0",
                "primary": true,
                "private_ip_address": "10.0.2.4",
                "private_ip_address_allocation": "Dynamic",
                "private_ip_address_version": "IPv4",
                "public_ip_address_id": "/subscriptions/f3aedf34-04a2-4e37-9b22-0a0b6dce14d6/resourceGroups/maria-resources/providers/Microsoft.Network/publicIPAddresses/maria-pubIP0",
                "subnet_id": "/subscriptions/f3aedf34-04a2-4e37-9b22-0a0b6dce14d6/resourceGroups/maria-resources/providers/Microsoft.Network/virtualNetworks/maria-network.0/subnets/internal0"
              }
            ],
            "location": "westeurope",
            "mac_address": "",
            "name": "maria-nic0",
            "private_ip_address": "10.0.2.4",
            "private_ip_addresses": [
              "10.0.2.4"
            ],
            "resource_group_name": "maria-resources",
            "tags": null,
            "timeouts": null,
            "virtual_machine_id": ""
          },
          "sensitive_attributes": [],
          "private": "eyJlMmJmYjczMC1lY2FhLTExZTYtOGY4OC0zNDM2M2JjN2M0YzAiOnsiY3JlYXRlIjoxODAwMDAwMDAwMDAwLCJkZWxldGUiOjE4MDAwMDAwMDAwMDAsInJlYWQiOjMwMDAwMDAwMDAwMCwidXBkYXRlIjoxODAwMDAwMDAwMDAwfX0=",
          "dependencies": [
            "azurerm_public_ip.mariapi",
            "azurerm_resource_group.maria",
            "azurerm_subnet.maria",
            "azurerm_virtual_network.maria"
          ]
        },
        {
          "index_key": 1,
          "schema_version": 0,
          "attributes": {
            "applied_dns_servers": [],
            "dns_servers": [],
            "enable_accelerated_networking": false,
            "enable_ip_forwarding": false,
            "id": "/subscriptions/f3aedf34-04a2-4e37-9b22-0a0b6dce14d6/resourceGroups/maria-resources/providers/Microsoft.Network/networkInterfaces/maria-nic1",
            "internal_dns_name_label": "",
            "internal_domain_name_suffix": "zgpgakyamqmexn3yrgnldihcud.ax.internal.cloudapp.net",
            "ip_configuration": [
              {
                "gateway_load_balancer_frontend_ip_configuration_id": "",
                "name": "internal1",
                "primary": true,
                "private_ip_address": "10.1.2.4",
                "private_ip_address_allocation": "Dynamic",
                "private_ip_address_version": "IPv4",
                "public_ip_address_id": "/subscriptions/f3aedf34-04a2-4e37-9b22-0a0b6dce14d6/resourceGroups/maria-resources/providers/Microsoft.Network/publicIPAddresses/maria-pubIP1",
                "subnet_id": "/subscriptions/f3aedf34-04a2-4e37-9b22-0a0b6dce14d6/resourceGroups/maria-resources/providers/Microsoft.Network/virtualNetworks/maria-network.1/subnets/internal1"
              }
            ],
            "location": "westeurope",
            "mac_address": "",
            "name": "maria-nic1",
            "private_ip_address": "10.1.2.4",
            "private_ip_addresses": [
              "10.1.2.4"
            ],
            "resource_group_name": "maria-resources",
            "tags": null,
            "timeouts": null,
            "virtual_machine_id": ""
          },
          "sensitive_attributes": [],
          "private": "eyJlMmJmYjczMC1lY2FhLTExZTYtOGY4OC0zNDM2M2JjN2M0YzAiOnsiY3JlYXRlIjoxODAwMDAwMDAwMDAwLCJkZWxldGUiOjE4MDAwMDAwMDAwMDAsInJlYWQiOjMwMDAwMDAwMDAwMCwidXBkYXRlIjoxODAwMDAwMDAwMDAwfX0=",
          "dependencies": [
            "azurerm_public_ip.mariapi",
            "azurerm_resource_group.maria",
            "azurerm_subnet.maria",
            "azurerm_virtual_network.maria"
          ]
        }
      ]
    },
    {
      "mode": "managed",
      "type": "azurerm_network_interface_security_group_association",
      "name": "maria",
      "provider": "provider[\"registry.terraform.io/hashicorp/azurerm\"]",
      "instances": [
        {
          "index_key": 0,
          "schema_version": 0,
          "attributes": {
            "id": "/subscriptions/f3aedf34-04a2-4e37-9b22-0a0b6dce14d6/resourceGroups/maria-resources/providers/Microsoft.Network/networkInterfaces/maria-nic0|/subscriptions/f3aedf34-04a2-4e37-9b22-0a0b6dce14d6/resourceGroups/maria-resources/providers/Microsoft.Network/networkSecurityGroups/mariaNSG0",
            "network_interface_id": "/subscriptions/f3aedf34-04a2-4e37-9b22-0a0b6dce14d6/resourceGroups/maria-resources/providers/Microsoft.Network/networkInterfaces/maria-nic0",
            "network_security_group_id": "/subscriptions/f3aedf34-04a2-4e37-9b22-0a0b6dce14d6/resourceGroups/maria-resources/providers/Microsoft.Network/networkSecurityGroups/mariaNSG0",
            "timeouts": null
          },
          "sensitive_attributes": [],
          "private": "eyJlMmJmYjczMC1lY2FhLTExZTYtOGY4OC0zNDM2M2JjN2M0YzAiOnsiY3JlYXRlIjoxODAwMDAwMDAwMDAwLCJkZWxldGUiOjE4MDAwMDAwMDAwMDAsInJlYWQiOjMwMDAwMDAwMDAwMCwidXBkYXRlIjoxODAwMDAwMDAwMDAwfX0=",
          "dependencies": [
            "azurerm_network_interface.maria",
            "azurerm_network_security_group.maria-nsg",
            "azurerm_public_ip.mariapi",
            "azurerm_resource_group.maria",
            "azurerm_subnet.maria",
            "azurerm_virtual_network.maria"
          ]
        },
        {
          "index_key": 1,
          "schema_version": 0,
          "attributes": {
            "id": "/subscriptions/f3aedf34-04a2-4e37-9b22-0a0b6dce14d6/resourceGroups/maria-resources/providers/Microsoft.Network/networkInterfaces/maria-nic1|/subscriptions/f3aedf34-04a2-4e37-9b22-0a0b6dce14d6/resourceGroups/maria-resources/providers/Microsoft.Network/networkSecurityGroups/mariaNSG1",
            "network_interface_id": "/subscriptions/f3aedf34-04a2-4e37-9b22-0a0b6dce14d6/resourceGroups/maria-resources/providers/Microsoft.Network/networkInterfaces/maria-nic1",
            "network_security_group_id": "/subscriptions/f3aedf34-04a2-4e37-9b22-0a0b6dce14d6/resourceGroups/maria-resources/providers/Microsoft.Network/networkSecurityGroups/mariaNSG1",
            "timeouts": null
          },
          "sensitive_attributes": [],
          "private": "eyJlMmJmYjczMC1lY2FhLTExZTYtOGY4OC0zNDM2M2JjN2M0YzAiOnsiY3JlYXRlIjoxODAwMDAwMDAwMDAwLCJkZWxldGUiOjE4MDAwMDAwMDAwMDAsInJlYWQiOjMwMDAwMDAwMDAwMCwidXBkYXRlIjoxODAwMDAwMDAwMDAwfX0=",
          "dependencies": [
            "azurerm_network_interface.maria",
            "azurerm_network_security_group.maria-nsg",
            "azurerm_public_ip.mariapi",
            "azurerm_resource_group.maria",
            "azurerm_subnet.maria",
            "azurerm_virtual_network.maria"
          ]
        }
      ]
    },
    {
      "mode": "managed",
      "type": "azurerm_network_security_group",
      "name": "maria-nsg",
      "provider": "provider[\"registry.terraform.io/hashicorp/azurerm\"]",
      "instances": [
        {
          "index_key": 0,
          "schema_version": 0,
          "attributes": {
            "id": "/subscriptions/f3aedf34-04a2-4e37-9b22-0a0b6dce14d6/resourceGroups/maria-resources/providers/Microsoft.Network/networkSecurityGroups/mariaNSG0",
            "location": "westeurope",
            "name": "mariaNSG0",
            "resource_group_name": "maria-resources",
            "security_rule": [
              {
                "access": "Allow",
                "description": "",
                "destination_address_prefix": "*",
                "destination_address_prefixes": [],
                "destination_application_security_group_ids": [],
                "destination_port_range": "22",
                "destination_port_ranges": [],
                "direction": "Inbound",
                "name": "SSH",
                "priority": 1001,
                "protocol": "Tcp",
                "source_address_prefix": "*",
                "source_address_prefixes": [],
                "source_application_security_group_ids": [],
                "source_port_range": "*",
                "source_port_ranges": []
              },
              {
                "access": "Allow",
                "description": "",
                "destination_address_prefix": "*",
                "destination_address_prefixes": [],
                "destination_application_security_group_ids": [],
                "destination_port_range": "3306",
                "destination_port_ranges": [],
                "direction": "Inbound",
                "name": "mysql-clientIN",
                "priority": 1005,
                "protocol": "Tcp",
                "source_address_prefix": "*",
                "source_address_prefixes": [],
                "source_application_security_group_ids": [],
                "source_port_range": "*",
                "source_port_ranges": []
              },
              {
                "access": "Allow",
                "description": "",
                "destination_address_prefix": "*",
                "destination_address_prefixes": [],
                "destination_application_security_group_ids": [],
                "destination_port_range": "3306",
                "destination_port_ranges": [],
                "direction": "Outbound",
                "name": "mysql-clientOUT",
                "priority": 1005,
                "protocol": "Tcp",
                "source_address_prefix": "*",
                "source_address_prefixes": [],
                "source_application_security_group_ids": [],
                "source_port_range": "*",
                "source_port_ranges": []
              }
            ],
            "tags": {
              "environment": "mariadb"
            },
            "timeouts": null
          },
          "sensitive_attributes": [],
          "private": "eyJlMmJmYjczMC1lY2FhLTExZTYtOGY4OC0zNDM2M2JjN2M0YzAiOnsiY3JlYXRlIjoxODAwMDAwMDAwMDAwLCJkZWxldGUiOjE4MDAwMDAwMDAwMDAsInJlYWQiOjMwMDAwMDAwMDAwMCwidXBkYXRlIjoxODAwMDAwMDAwMDAwfX0=",
          "dependencies": [
            "azurerm_resource_group.maria"
          ]
        },
        {
          "index_key": 1,
          "schema_version": 0,
          "attributes": {
            "id": "/subscriptions/f3aedf34-04a2-4e37-9b22-0a0b6dce14d6/resourceGroups/maria-resources/providers/Microsoft.Network/networkSecurityGroups/mariaNSG1",
            "location": "westeurope",
            "name": "mariaNSG1",
            "resource_group_name": "maria-resources",
            "security_rule": [
              {
                "access": "Allow",
                "description": "",
                "destination_address_prefix": "*",
                "destination_address_prefixes": [],
                "destination_application_security_group_ids": [],
                "destination_port_range": "22",
                "destination_port_ranges": [],
                "direction": "Inbound",
                "name": "SSH",
                "priority": 1001,
                "protocol": "Tcp",
                "source_address_prefix": "*",
                "source_address_prefixes": [],
                "source_application_security_group_ids": [],
                "source_port_range": "*",
                "source_port_ranges": []
              },
              {
                "access": "Allow",
                "description": "",
                "destination_address_prefix": "*",
                "destination_address_prefixes": [],
                "destination_application_security_group_ids": [],
                "destination_port_range": "3306",
                "destination_port_ranges": [],
                "direction": "Inbound",
                "name": "mysql-clientIN",
                "priority": 1005,
                "protocol": "Tcp",
                "source_address_prefix": "*",
                "source_address_prefixes": [],
                "source_application_security_group_ids": [],
                "source_port_range": "*",
                "source_port_ranges": []
              },
              {
                "access": "Allow",
                "description": "",
                "destination_address_prefix": "*",
                "destination_address_prefixes": [],
                "destination_application_security_group_ids": [],
                "destination_port_range": "3306",
                "destination_port_ranges": [],
                "direction": "Outbound",
                "name": "mysql-clientOUT",
                "priority": 1005,
                "protocol": "Tcp",
                "source_address_prefix": "*",
                "source_address_prefixes": [],
                "source_application_security_group_ids": [],
                "source_port_range": "*",
                "source_port_ranges": []
              }
            ],
            "tags": {
              "environment": "mariadb"
            },
            "timeouts": null
          },
          "sensitive_attributes": [],
          "private": "eyJlMmJmYjczMC1lY2FhLTExZTYtOGY4OC0zNDM2M2JjN2M0YzAiOnsiY3JlYXRlIjoxODAwMDAwMDAwMDAwLCJkZWxldGUiOjE4MDAwMDAwMDAwMDAsInJlYWQiOjMwMDAwMDAwMDAwMCwidXBkYXRlIjoxODAwMDAwMDAwMDAwfX0=",
          "dependencies": [
            "azurerm_resource_group.maria"
          ]
        }
      ]
    },
    {
      "mode": "managed",
      "type": "azurerm_public_ip",
      "name": "mariapi",
      "provider": "provider[\"registry.terraform.io/hashicorp/azurerm\"]",
      "instances": [
        {
          "index_key": 0,
          "schema_version": 0,
          "attributes": {
            "allocation_method": "Static",
            "availability_zone": "No-Zone",
            "domain_name_label": "swit165az303-maria0",
            "fqdn": "swit165az303-maria0.westeurope.cloudapp.azure.com",
            "id": "/subscriptions/f3aedf34-04a2-4e37-9b22-0a0b6dce14d6/resourceGroups/maria-resources/providers/Microsoft.Network/publicIPAddresses/maria-pubIP0",
            "idle_timeout_in_minutes": 4,
            "ip_address": "20.126.49.170",
            "ip_tags": null,
            "ip_version": "IPv4",
            "location": "westeurope",
            "name": "maria-pubIP0",
            "public_ip_prefix_id": null,
            "resource_group_name": "maria-resources",
            "reverse_fqdn": "",
            "sku": "Basic",
            "sku_tier": "Regional",
            "tags": null,
            "timeouts": null,
            "zones": []
          },
          "sensitive_attributes": [],
          "private": "eyJlMmJmYjczMC1lY2FhLTExZTYtOGY4OC0zNDM2M2JjN2M0YzAiOnsiY3JlYXRlIjoxODAwMDAwMDAwMDAwLCJkZWxldGUiOjE4MDAwMDAwMDAwMDAsInJlYWQiOjMwMDAwMDAwMDAwMCwidXBkYXRlIjoxODAwMDAwMDAwMDAwfX0=",
          "dependencies": [
            "azurerm_resource_group.maria"
          ]
        },
        {
          "index_key": 1,
          "schema_version": 0,
          "attributes": {
            "allocation_method": "Static",
            "availability_zone": "No-Zone",
            "domain_name_label": "swit165az303-maria1",
            "fqdn": "swit165az303-maria1.westeurope.cloudapp.azure.com",
            "id": "/subscriptions/f3aedf34-04a2-4e37-9b22-0a0b6dce14d6/resourceGroups/maria-resources/providers/Microsoft.Network/publicIPAddresses/maria-pubIP1",
            "idle_timeout_in_minutes": 4,
            "ip_address": "51.144.117.37",
            "ip_tags": null,
            "ip_version": "IPv4",
            "location": "westeurope",
            "name": "maria-pubIP1",
            "public_ip_prefix_id": null,
            "resource_group_name": "maria-resources",
            "reverse_fqdn": "",
            "sku": "Basic",
            "sku_tier": "Regional",
            "tags": null,
            "timeouts": null,
            "zones": []
          },
          "sensitive_attributes": [],
          "private": "eyJlMmJmYjczMC1lY2FhLTExZTYtOGY4OC0zNDM2M2JjN2M0YzAiOnsiY3JlYXRlIjoxODAwMDAwMDAwMDAwLCJkZWxldGUiOjE4MDAwMDAwMDAwMDAsInJlYWQiOjMwMDAwMDAwMDAwMCwidXBkYXRlIjoxODAwMDAwMDAwMDAwfX0=",
          "dependencies": [
            "azurerm_resource_group.maria"
          ]
        }
      ]
    },
    {
      "mode": "managed",
      "type": "azurerm_resource_group",
      "name": "maria",
      "provider": "provider[\"registry.terraform.io/hashicorp/azurerm\"]",
      "instances": [
        {
          "schema_version": 0,
          "attributes": {
            "id": "/subscriptions/f3aedf34-04a2-4e37-9b22-0a0b6dce14d6/resourceGroups/maria-resources",
            "location": "westeurope",
            "name": "maria-resources",
            "tags": null,
            "timeouts": null
          },
          "sensitive_attributes": [],
          "private": "eyJlMmJmYjczMC1lY2FhLTExZTYtOGY4OC0zNDM2M2JjN2M0YzAiOnsiY3JlYXRlIjo1NDAwMDAwMDAwMDAwLCJkZWxldGUiOjU0MDAwMDAwMDAwMDAsInJlYWQiOjMwMDAwMDAwMDAwMCwidXBkYXRlIjo1NDAwMDAwMDAwMDAwfX0="
        }
      ]
    },
    {
      "mode": "managed",
      "type": "azurerm_subnet",
      "name": "maria",
      "provider": "provider[\"registry.terraform.io/hashicorp/azurerm\"]",
      "instances": [
        {
          "index_key": 0,
          "schema_version": 0,
          "attributes": {
            "address_prefix": "10.0.2.0/24",
            "address_prefixes": [
              "10.0.2.0/24"
            ],
            "delegation": [],
            "enforce_private_link_endpoint_network_policies": false,
            "enforce_private_link_service_network_policies": false,
            "id": "/subscriptions/f3aedf34-04a2-4e37-9b22-0a0b6dce14d6/resourceGroups/maria-resources/providers/Microsoft.Network/virtualNetworks/maria-network.0/subnets/internal0",
            "name": "internal0",
            "resource_group_name": "maria-resources",
            "service_endpoint_policy_ids": null,
            "service_endpoints": null,
            "timeouts": null,
            "virtual_network_name": "maria-network.0"
          },
          "sensitive_attributes": [],
          "private": "eyJlMmJmYjczMC1lY2FhLTExZTYtOGY4OC0zNDM2M2JjN2M0YzAiOnsiY3JlYXRlIjoxODAwMDAwMDAwMDAwLCJkZWxldGUiOjE4MDAwMDAwMDAwMDAsInJlYWQiOjMwMDAwMDAwMDAwMCwidXBkYXRlIjoxODAwMDAwMDAwMDAwfX0=",
          "dependencies": [
            "azurerm_resource_group.maria",
            "azurerm_virtual_network.maria"
          ]
        },
        {
          "index_key": 1,
          "schema_version": 0,
          "attributes": {
            "address_prefix": "10.1.2.0/24",
            "address_prefixes": [
              "10.1.2.0/24"
            ],
            "delegation": [],
            "enforce_private_link_endpoint_network_policies": false,
            "enforce_private_link_service_network_policies": false,
            "id": "/subscriptions/f3aedf34-04a2-4e37-9b22-0a0b6dce14d6/resourceGroups/maria-resources/providers/Microsoft.Network/virtualNetworks/maria-network.1/subnets/internal1",
            "name": "internal1",
            "resource_group_name": "maria-resources",
            "service_endpoint_policy_ids": null,
            "service_endpoints": null,
            "timeouts": null,
            "virtual_network_name": "maria-network.1"
          },
          "sensitive_attributes": [],
          "private": "eyJlMmJmYjczMC1lY2FhLTExZTYtOGY4OC0zNDM2M2JjN2M0YzAiOnsiY3JlYXRlIjoxODAwMDAwMDAwMDAwLCJkZWxldGUiOjE4MDAwMDAwMDAwMDAsInJlYWQiOjMwMDAwMDAwMDAwMCwidXBkYXRlIjoxODAwMDAwMDAwMDAwfX0=",
          "dependencies": [
            "azurerm_resource_group.maria",
            "azurerm_virtual_network.maria"
          ]
        }
      ]
    },
    {
      "mode": "managed",
      "type": "azurerm_virtual_network",
      "name": "maria",
      "provider": "provider[\"registry.terraform.io/hashicorp/azurerm\"]",
      "instances": [
        {
          "index_key": 0,
          "schema_version": 0,
          "attributes": {
            "address_space": [
              "10.0.0.0/16"
            ],
            "bgp_community": "",
            "ddos_protection_plan": [],
            "dns_servers": [],
            "flow_timeout_in_minutes": 0,
            "guid": "4a13801f-823e-401e-b78e-56fb77e432d8",
            "id": "/subscriptions/f3aedf34-04a2-4e37-9b22-0a0b6dce14d6/resourceGroups/maria-resources/providers/Microsoft.Network/virtualNetworks/maria-network.0",
            "location": "westeurope",
            "name": "maria-network.0",
            "resource_group_name": "maria-resources",
            "subnet": [],
            "tags": null,
            "timeouts": null,
            "vm_protection_enabled": false
          },
          "sensitive_attributes": [],
          "private": "eyJlMmJmYjczMC1lY2FhLTExZTYtOGY4OC0zNDM2M2JjN2M0YzAiOnsiY3JlYXRlIjoxODAwMDAwMDAwMDAwLCJkZWxldGUiOjE4MDAwMDAwMDAwMDAsInJlYWQiOjMwMDAwMDAwMDAwMCwidXBkYXRlIjoxODAwMDAwMDAwMDAwfX0=",
          "dependencies": [
            "azurerm_resource_group.maria"
          ]
        },
        {
          "index_key": 1,
          "schema_version": 0,
          "attributes": {
            "address_space": [
              "10.1.0.0/16"
            ],
            "bgp_community": "",
            "ddos_protection_plan": [],
            "dns_servers": [],
            "flow_timeout_in_minutes": 0,
            "guid": "2b609ec9-6400-4b18-b7b8-899ab1a0e2a3",
            "id": "/subscriptions/f3aedf34-04a2-4e37-9b22-0a0b6dce14d6/resourceGroups/maria-resources/providers/Microsoft.Network/virtualNetworks/maria-network.1",
            "location": "westeurope",
            "name": "maria-network.1",
            "resource_group_name": "maria-resources",
            "subnet": [],
            "tags": null,
            "timeouts": null,
            "vm_protection_enabled": false
          },
          "sensitive_attributes": [],
          "private": "eyJlMmJmYjczMC1lY2FhLTExZTYtOGY4OC0zNDM2M2JjN2M0YzAiOnsiY3JlYXRlIjoxODAwMDAwMDAwMDAwLCJkZWxldGUiOjE4MDAwMDAwMDAwMDAsInJlYWQiOjMwMDAwMDAwMDAwMCwidXBkYXRlIjoxODAwMDAwMDAwMDAwfX0=",
          "dependencies": [
            "azurerm_resource_group.maria"
          ]
        }
      ]
    }
  ]
}
