{
  "version": 4,
  "terraform_version": "1.1.3",
  "serial": 116,
  "lineage": "afaddd00-a659-0bcd-2903-d1a02dee871d",
  "outputs": {},
  "resources": [
    {
      "mode": "data",
      "type": "template_file",
      "name": "maria-vm-cloud-init",
      "provider": "provider[\"registry.terraform.io/hashicorp/template\"]",
      "instances": [
        {
          "index_key": 0,
          "schema_version": 0,
          "attributes": {
            "filename": null,
            "id": "600e24a568b34d50dded7554686e92648586b3638fa3b0e44b1e55a57ec12460",
            "rendered": "#!/bin/bash\r\n \r\n# ************************************************************************\r\n# function 4 my sqlserver config\r\n#\r\n\r\nconfigure_mysqlserver() {\r\n    sudo sed -i -e '1,$s/bind\\-address.*127\\.0\\.0\\.1/bind\\-address\\ \\ \\=\\ 0\\.0\\.0\\.0/g' /etc/mysql/mysql.conf.d/mysqld.cnf\r\n    \r\n\t# replaced by reboot at eof:\r\n\t# sudo systemctl restart mysql\r\n}\r\n\r\n# ************************************************************************\r\n# configure server\r\n#\r\n \r\nsudo date\r\nsudo rm /etc/localtime\r\nsudo ln -s /usr/share/zoneinfo/Europe/Berlin /etc/localtime\r\nsudo date\r\nsudo date -u\r\n\r\n# ************************************************************************\r\n# remove apparmor\r\n#\r\n\r\nsudo apt purge apparmor -y\r\nsudo chattr -i /mnt/DATALOSS_WARNING_README.txt\r\nsudo rm /mnt/DATALOSS_WARNING_README.txt\r\n\r\n\r\n# ************************************************************************\r\n# prep log partition\r\n#\r\n\r\nsudo mkdir -p /mnt/mysql/binlog\r\nsudo mkdir -p /mnt/mysql/relaylog\r\nsudo chmod -R 750 /mnt/mysql\r\nsudo chown -R mysql:mysql /mnt/mysql\r\n\r\n# ************************************************************************\r\n# configure admin user\r\n#\r\n\r\nsudo apt install mysql-server-5.7 -y\r\nsudo mkdir -p /var/run/mysqld\r\nsudo chown mysql:mysql /var/run/mysqld\r\nsudo systemctl enable mysql\r\nsudo echo \"CREATE USER 'sqladmin'@'%' IDENTIFIED BY 'blackmaria';\" | mysql -u root\r\nsudo echo \"GRANT ALL on *.* TO 'sqladmin'@'%' WITH GRANT OPTION;\" | mysql -u root\r\nsudo echo \"FLUSH PRIVILEGES;\" | mysql -u root\r\n\r\n# ************************************************************************\r\n# server config\r\n#\r\n\r\nconfigure_mysqlserver\r\nsudo reboot",
            "template": "#!/bin/bash\r\n \r\n# ************************************************************************\r\n# function 4 my sqlserver config\r\n#\r\n\r\nconfigure_mysqlserver() {\r\n    sudo sed -i -e '1,$s/bind\\-address.*127\\.0\\.0\\.1/bind\\-address\\ \\ \\=\\ 0\\.0\\.0\\.0/g' /etc/mysql/mysql.conf.d/mysqld.cnf\r\n    \r\n\t# replaced by reboot at eof:\r\n\t# sudo systemctl restart mysql\r\n}\r\n\r\n# ************************************************************************\r\n# configure server\r\n#\r\n \r\nsudo date\r\nsudo rm /etc/localtime\r\nsudo ln -s /usr/share/zoneinfo/Europe/Berlin /etc/localtime\r\nsudo date\r\nsudo date -u\r\n\r\n# ************************************************************************\r\n# remove apparmor\r\n#\r\n\r\nsudo apt purge apparmor -y\r\nsudo chattr -i /mnt/DATALOSS_WARNING_README.txt\r\nsudo rm /mnt/DATALOSS_WARNING_README.txt\r\n\r\n\r\n# ************************************************************************\r\n# prep log partition\r\n#\r\n\r\nsudo mkdir -p /mnt/mysql/binlog\r\nsudo mkdir -p /mnt/mysql/relaylog\r\nsudo chmod -R 750 /mnt/mysql\r\nsudo chown -R mysql:mysql /mnt/mysql\r\n\r\n# ************************************************************************\r\n# configure admin user\r\n#\r\n\r\nsudo apt install mysql-server-5.7 -y\r\nsudo mkdir -p /var/run/mysqld\r\nsudo chown mysql:mysql /var/run/mysqld\r\nsudo systemctl enable mysql\r\nsudo echo \"CREATE USER 'sqladmin'@'%' IDENTIFIED BY 'blackmaria';\" | mysql -u root\r\nsudo echo \"GRANT ALL on *.* TO 'sqladmin'@'%' WITH GRANT OPTION;\" | mysql -u root\r\nsudo echo \"FLUSH PRIVILEGES;\" | mysql -u root\r\n\r\n# ************************************************************************\r\n# server config\r\n#\r\n\r\nconfigure_mysqlserver\r\nsudo reboot",
            "vars": {
              "db_fqdn": "swit165az303-maria0.westeurope.cloudapp.azure.com",
              "db_pwd": "blackmaria",
              "db_user": "sqladmin"
            }
          },
          "sensitive_attributes": []
        },
        {
          "index_key": 1,
          "schema_version": 0,
          "attributes": {
            "filename": null,
            "id": "bec213d4a1c508a8247334d1fe36d21eb580897db24b84a4980ca2552051783e",
            "rendered": "#!/bin/bash\r\n \r\n# ************************************************************************\r\n# function 4 server config\r\n#\r\nconfigure_mysqlserver() {\r\n    sudo sed -i -e '1,$s/bind\\-address.*127\\.0\\.0\\.1/bind\\-address\\ \\ \\=\\ 0\\.0\\.0\\.0/g' /etc/mysql/mysql.conf.d/mysqld.cnf\r\n    sudo systemctl restart mysql\r\n}\r\n \r\n\r\n# ************************************************************************\r\n# configure admin user\r\n#\r\nsudo apt install mysql-server-5.7 -y\r\nsudo mkdir -p /var/run/mysqld\r\nsudo chown mysql:mysql /var/run/mysqld\r\nsudo systemctl enable mysql\r\nsudo echo \"CREATE USER 'sqladmin'@'%' IDENTIFIED BY 'blackmaria';\" | mysql -u root\r\nsudo echo \"GRANT ALL on *.* TO 'sqladmin'@'%' WITH GRANT OPTION;\" | mysql -u root\r\nsudo echo \"FLUSH PRIVILEGES;\" | mysql -u root\r\n# ************************************************************************\r\n# server config\r\n#\r\nconfigure_mysqlserver\r\n",
            "template": "#!/bin/bash\r\n \r\n# ************************************************************************\r\n# function 4 server config\r\n#\r\nconfigure_mysqlserver() {\r\n    sudo sed -i -e '1,$s/bind\\-address.*127\\.0\\.0\\.1/bind\\-address\\ \\ \\=\\ 0\\.0\\.0\\.0/g' /etc/mysql/mysql.conf.d/mysqld.cnf\r\n    sudo systemctl restart mysql\r\n}\r\n \r\n\r\n# ************************************************************************\r\n# configure admin user\r\n#\r\nsudo apt install mysql-server-5.7 -y\r\nsudo mkdir -p /var/run/mysqld\r\nsudo chown mysql:mysql /var/run/mysqld\r\nsudo systemctl enable mysql\r\nsudo echo \"CREATE USER 'sqladmin'@'%' IDENTIFIED BY 'blackmaria';\" | mysql -u root\r\nsudo echo \"GRANT ALL on *.* TO 'sqladmin'@'%' WITH GRANT OPTION;\" | mysql -u root\r\nsudo echo \"FLUSH PRIVILEGES;\" | mysql -u root\r\n# ************************************************************************\r\n# server config\r\n#\r\nconfigure_mysqlserver\r\n",
            "vars": {
              "db_fqdn": "swit165az303-maria1.westeurope.cloudapp.azure.com",
              "db_pwd": "blackmaria",
              "db_user": "sqladmin"
            }
          },
          "sensitive_attributes": []
        }
      ]
    },
    {
      "mode": "managed",
      "type": "azurerm_linux_virtual_machine",
      "name": "maria",
      "provider": "provider[\"registry.terraform.io/hashicorp/azurerm\"]",
      "instances": [
        {
          "index_key": 0,
          "schema_version": 0,
          "attributes": {
            "additional_capabilities": [],
            "admin_password": null,
            "admin_ssh_key": [
              {
                "public_key": "ssh-rsa AAAAB3NzaC1yc2EAAAADAQABAAABgQDEh9csFlXPHn9OnHXkWOHYsyAGj8NDhWQ8uGjdVcOl/t5gmv2BG3+d1kWtZYpuKwtBnLxajqcH9xr8kiAoezVRSZzl/EB97AprK1z/FErXoI3+JVblf7qAt3cst7SxwCxtnI5ZBcaD9ZG1r41Tf8AiMY+ww6Qf7KDgsxU3HKOSXOOSDoqo/YlC8fNnZL72MUbrCwk8RYmHTxkFS0PLBJjMvZrDqJQAlS134PcTPgZ3h7TwmcQf+eCEzIhtcItgDoG/ecPOXyZMoLggS1OjEnLqtJbe8Nl8xo/CzR503H2DRgrgjCBAeadvx4bhX2EAglHBZaCaS6GeLNiyITHa5noCbj9xCw8jTX3TZsxsgN4ahksIqoxQH+Fp+/cViQu4J9qHsgM8jns8ZbL+dhRekTnRpX+G0uXRGnJgwYZUPY5FENhRLbhdTQ2j0oi/bfZTAHTfCCAQfbsi3OvwNo/peHPB9EM2R/XyLQUV2f6lmj1aZCH5fCBgaD+V8FUP9bM75Y0= Stefan@Stefan\n",
                "username": "adminuser"
              }
            ],
            "admin_username": "adminuser",
            "allow_extension_operations": true,
            "availability_set_id": "",
            "boot_diagnostics": [],
            "computer_name": "maria-machine0",
            "custom_data": "IyEvYmluL2Jhc2gNCiANCiMgKioqKioqKioqKioqKioqKioqKioqKioqKioqKioqKioqKioqKioqKioqKioqKioqKioqKioqKioqKioqKioqKioqKioqKioqDQojIGZ1bmN0aW9uIDQgbXkgc3Fsc2VydmVyIGNvbmZpZw0KIw0KDQpjb25maWd1cmVfbXlzcWxzZXJ2ZXIoKSB7DQogICAgc3VkbyBzZWQgLWkgLWUgJzEsJHMvYmluZFwtYWRkcmVzcy4qMTI3XC4wXC4wXC4xL2JpbmRcLWFkZHJlc3NcIFwgXD1cIDBcLjBcLjBcLjAvZycgL2V0Yy9teXNxbC9teXNxbC5jb25mLmQvbXlzcWxkLmNuZg0KICAgIA0KCSMgcmVwbGFjZWQgYnkgcmVib290IGF0IGVvZjoNCgkjIHN1ZG8gc3lzdGVtY3RsIHJlc3RhcnQgbXlzcWwNCn0NCg0KIyAqKioqKioqKioqKioqKioqKioqKioqKioqKioqKioqKioqKioqKioqKioqKioqKioqKioqKioqKioqKioqKioqKioqKioqKioNCiMgY29uZmlndXJlIHNlcnZlcg0KIw0KIA0Kc3VkbyBkYXRlDQpzdWRvIHJtIC9ldGMvbG9jYWx0aW1lDQpzdWRvIGxuIC1zIC91c3Ivc2hhcmUvem9uZWluZm8vRXVyb3BlL0JlcmxpbiAvZXRjL2xvY2FsdGltZQ0Kc3VkbyBkYXRlDQpzdWRvIGRhdGUgLXUNCg0KIyAqKioqKioqKioqKioqKioqKioqKioqKioqKioqKioqKioqKioqKioqKioqKioqKioqKioqKioqKioqKioqKioqKioqKioqKioNCiMgcmVtb3ZlIGFwcGFybW9yDQojDQoNCnN1ZG8gYXB0IHB1cmdlIGFwcGFybW9yIC15DQpzdWRvIGNoYXR0ciAtaSAvbW50L0RBVEFMT1NTX1dBUk5JTkdfUkVBRE1FLnR4dA0Kc3VkbyBybSAvbW50L0RBVEFMT1NTX1dBUk5JTkdfUkVBRE1FLnR4dA0KDQoNCiMgKioqKioqKioqKioqKioqKioqKioqKioqKioqKioqKioqKioqKioqKioqKioqKioqKioqKioqKioqKioqKioqKioqKioqKioqDQojIHByZXAgbG9nIHBhcnRpdGlvbg0KIw0KDQpzdWRvIG1rZGlyIC1wIC9tbnQvbXlzcWwvYmlubG9nDQpzdWRvIG1rZGlyIC1wIC9tbnQvbXlzcWwvcmVsYXlsb2cNCnN1ZG8gY2htb2QgLVIgNzUwIC9tbnQvbXlzcWwNCnN1ZG8gY2hvd24gLVIgbXlzcWw6bXlzcWwgL21udC9teXNxbA0KDQojICoqKioqKioqKioqKioqKioqKioqKioqKioqKioqKioqKioqKioqKioqKioqKioqKioqKioqKioqKioqKioqKioqKioqKioqKg0KIyBjb25maWd1cmUgYWRtaW4gdXNlcg0KIw0KDQpzdWRvIGFwdCBpbnN0YWxsIG15c3FsLXNlcnZlci01LjcgLXkNCnN1ZG8gbWtkaXIgLXAgL3Zhci9ydW4vbXlzcWxkDQpzdWRvIGNob3duIG15c3FsOm15c3FsIC92YXIvcnVuL215c3FsZA0Kc3VkbyBzeXN0ZW1jdGwgZW5hYmxlIG15c3FsDQpzdWRvIGVjaG8gIkNSRUFURSBVU0VSICdzcWxhZG1pbidAJyUnIElERU5USUZJRUQgQlkgJ2JsYWNrbWFyaWEnOyIgfCBteXNxbCAtdSByb290DQpzdWRvIGVjaG8gIkdSQU5UIEFMTCBvbiAqLiogVE8gJ3NxbGFkbWluJ0AnJScgV0lUSCBHUkFOVCBPUFRJT047IiB8IG15c3FsIC11IHJvb3QNCnN1ZG8gZWNobyAiRkxVU0ggUFJJVklMRUdFUzsiIHwgbXlzcWwgLXUgcm9vdA0KDQojICoqKioqKioqKioqKioqKioqKioqKioqKioqKioqKioqKioqKioqKioqKioqKioqKioqKioqKioqKioqKioqKioqKioqKioqKg0KIyBzZXJ2ZXIgY29uZmlnDQojDQoNCmNvbmZpZ3VyZV9teXNxbHNlcnZlcg0Kc3VkbyByZWJvb3Q=",
            "dedicated_host_id": "",
            "disable_password_authentication": true,
            "encryption_at_host_enabled": false,
            "eviction_policy": "",
            "extensions_time_budget": "PT1H30M",
            "id": "/subscriptions/f3aedf34-04a2-4e37-9b22-0a0b6dce14d6/resourceGroups/maria-resources/providers/Microsoft.Compute/virtualMachines/maria-machine0",
            "identity": [],
            "license_type": "",
            "location": "westeurope",
            "max_bid_price": -1,
            "name": "maria-machine0",
            "network_interface_ids": [
              "/subscriptions/f3aedf34-04a2-4e37-9b22-0a0b6dce14d6/resourceGroups/maria-resources/providers/Microsoft.Network/networkInterfaces/maria-nic0"
            ],
            "os_disk": [
              {
                "caching": "ReadWrite",
                "diff_disk_settings": [],
                "disk_encryption_set_id": "",
                "disk_size_gb": 30,
                "name": "maria-machine0_disk1_8e9e476be59c4d399e85cc870f471aa6",
                "storage_account_type": "Standard_LRS",
                "write_accelerator_enabled": false
              }
            ],
            "patch_mode": "ImageDefault",
            "plan": [],
            "platform_fault_domain": -1,
            "priority": "Regular",
            "private_ip_address": "10.0.2.4",
            "private_ip_addresses": [
              "10.0.2.4"
            ],
            "provision_vm_agent": true,
            "proximity_placement_group_id": "",
            "public_ip_address": "13.95.192.150",
            "public_ip_addresses": [
              "13.95.192.150"
            ],
            "resource_group_name": "maria-resources",
            "secret": [],
            "secure_boot_enabled": false,
            "size": "Standard_B1ls",
            "source_image_id": "",
            "source_image_reference": [
              {
                "offer": "UbuntuServer",
                "publisher": "Canonical",
                "sku": "18.04-LTS",
                "version": "latest"
              }
            ],
            "tags": null,
            "timeouts": null,
            "virtual_machine_id": "bbb82070-0929-4af1-8d93-8e461080bdcd",
            "virtual_machine_scale_set_id": "",
            "vtpm_enabled": false,
            "zone": ""
          },
          "sensitive_attributes": [],
          "private": "eyJlMmJmYjczMC1lY2FhLTExZTYtOGY4OC0zNDM2M2JjN2M0YzAiOnsiY3JlYXRlIjoyNzAwMDAwMDAwMDAwLCJkZWxldGUiOjI3MDAwMDAwMDAwMDAsInJlYWQiOjMwMDAwMDAwMDAwMCwidXBkYXRlIjoyNzAwMDAwMDAwMDAwfX0=",
          "dependencies": [
            "azurerm_network_interface.maria",
            "azurerm_public_ip.mariapi",
            "azurerm_resource_group.maria",
            "azurerm_subnet.maria",
            "azurerm_virtual_network.maria",
            "data.template_file.maria-vm-cloud-init"
          ]
        },
        {
          "index_key": 1,
          "schema_version": 0,
          "attributes": {
            "additional_capabilities": [],
            "admin_password": null,
            "admin_ssh_key": [
              {
                "public_key": "ssh-rsa AAAAB3NzaC1yc2EAAAADAQABAAABgQDEh9csFlXPHn9OnHXkWOHYsyAGj8NDhWQ8uGjdVcOl/t5gmv2BG3+d1kWtZYpuKwtBnLxajqcH9xr8kiAoezVRSZzl/EB97AprK1z/FErXoI3+JVblf7qAt3cst7SxwCxtnI5ZBcaD9ZG1r41Tf8AiMY+ww6Qf7KDgsxU3HKOSXOOSDoqo/YlC8fNnZL72MUbrCwk8RYmHTxkFS0PLBJjMvZrDqJQAlS134PcTPgZ3h7TwmcQf+eCEzIhtcItgDoG/ecPOXyZMoLggS1OjEnLqtJbe8Nl8xo/CzR503H2DRgrgjCBAeadvx4bhX2EAglHBZaCaS6GeLNiyITHa5noCbj9xCw8jTX3TZsxsgN4ahksIqoxQH+Fp+/cViQu4J9qHsgM8jns8ZbL+dhRekTnRpX+G0uXRGnJgwYZUPY5FENhRLbhdTQ2j0oi/bfZTAHTfCCAQfbsi3OvwNo/peHPB9EM2R/XyLQUV2f6lmj1aZCH5fCBgaD+V8FUP9bM75Y0= Stefan@Stefan\n",
                "username": "adminuser"
              }
            ],
            "admin_username": "adminuser",
            "allow_extension_operations": true,
            "availability_set_id": "",
            "boot_diagnostics": [],
            "computer_name": "maria-machine1",
            "custom_data": "IyEvYmluL2Jhc2gNCiANCiMgKioqKioqKioqKioqKioqKioqKioqKioqKioqKioqKioqKioqKioqKioqKioqKioqKioqKioqKioqKioqKioqKioqKioqKioqDQojIGZ1bmN0aW9uIDQgc2VydmVyIGNvbmZpZw0KIw0KY29uZmlndXJlX215c3Fsc2VydmVyKCkgew0KICAgIHN1ZG8gc2VkIC1pIC1lICcxLCRzL2JpbmRcLWFkZHJlc3MuKjEyN1wuMFwuMFwuMS9iaW5kXC1hZGRyZXNzXCBcIFw9XCAwXC4wXC4wXC4wL2cnIC9ldGMvbXlzcWwvbXlzcWwuY29uZi5kL215c3FsZC5jbmYNCiAgICBzdWRvIHN5c3RlbWN0bCByZXN0YXJ0IG15c3FsDQp9DQogDQoNCiMgKioqKioqKioqKioqKioqKioqKioqKioqKioqKioqKioqKioqKioqKioqKioqKioqKioqKioqKioqKioqKioqKioqKioqKioqDQojIGNvbmZpZ3VyZSBhZG1pbiB1c2VyDQojDQpzdWRvIGFwdCBpbnN0YWxsIG15c3FsLXNlcnZlci01LjcgLXkNCnN1ZG8gbWtkaXIgLXAgL3Zhci9ydW4vbXlzcWxkDQpzdWRvIGNob3duIG15c3FsOm15c3FsIC92YXIvcnVuL215c3FsZA0Kc3VkbyBzeXN0ZW1jdGwgZW5hYmxlIG15c3FsDQpzdWRvIGVjaG8gIkNSRUFURSBVU0VSICdzcWxhZG1pbidAJyUnIElERU5USUZJRUQgQlkgJ2JsYWNrbWFyaWEnOyIgfCBteXNxbCAtdSByb290DQpzdWRvIGVjaG8gIkdSQU5UIEFMTCBvbiAqLiogVE8gJ3NxbGFkbWluJ0AnJScgV0lUSCBHUkFOVCBPUFRJT047IiB8IG15c3FsIC11IHJvb3QNCnN1ZG8gZWNobyAiRkxVU0ggUFJJVklMRUdFUzsiIHwgbXlzcWwgLXUgcm9vdA0KIyAqKioqKioqKioqKioqKioqKioqKioqKioqKioqKioqKioqKioqKioqKioqKioqKioqKioqKioqKioqKioqKioqKioqKioqKioNCiMgc2VydmVyIGNvbmZpZw0KIw0KY29uZmlndXJlX215c3Fsc2VydmVyDQo=",
            "dedicated_host_id": "",
            "disable_password_authentication": true,
            "encryption_at_host_enabled": false,
            "eviction_policy": "",
            "extensions_time_budget": "PT1H30M",
            "id": "/subscriptions/f3aedf34-04a2-4e37-9b22-0a0b6dce14d6/resourceGroups/maria-resources/providers/Microsoft.Compute/virtualMachines/maria-machine1",
            "identity": [],
            "license_type": "",
            "location": "westeurope",
            "max_bid_price": -1,
            "name": "maria-machine1",
            "network_interface_ids": [
              "/subscriptions/f3aedf34-04a2-4e37-9b22-0a0b6dce14d6/resourceGroups/maria-resources/providers/Microsoft.Network/networkInterfaces/maria-nic1"
            ],
            "os_disk": [
              {
                "caching": "ReadWrite",
                "diff_disk_settings": [],
                "disk_encryption_set_id": "",
                "disk_size_gb": 30,
                "name": "maria-machine1_disk1_bf8a829baf304df8a63962d6ad04ba5c",
                "storage_account_type": "Standard_LRS",
                "write_accelerator_enabled": false
              }
            ],
            "patch_mode": "ImageDefault",
            "plan": [],
            "platform_fault_domain": -1,
            "priority": "Regular",
            "private_ip_address": "10.1.2.4",
            "private_ip_addresses": [
              "10.1.2.4"
            ],
            "provision_vm_agent": true,
            "proximity_placement_group_id": "",
            "public_ip_address": "13.95.193.239",
            "public_ip_addresses": [
              "13.95.193.239"
            ],
            "resource_group_name": "maria-resources",
            "secret": [],
            "secure_boot_enabled": false,
            "size": "Standard_B1ls",
            "source_image_id": "",
            "source_image_reference": [
              {
                "offer": "UbuntuServer",
                "publisher": "Canonical",
                "sku": "18.04-LTS",
                "version": "latest"
              }
            ],
            "tags": null,
            "timeouts": null,
            "virtual_machine_id": "d791ffc0-45a2-4f18-ab34-fdf0c4d9251c",
            "virtual_machine_scale_set_id": "",
            "vtpm_enabled": false,
            "zone": ""
          },
          "sensitive_attributes": [],
          "private": "eyJlMmJmYjczMC1lY2FhLTExZTYtOGY4OC0zNDM2M2JjN2M0YzAiOnsiY3JlYXRlIjoyNzAwMDAwMDAwMDAwLCJkZWxldGUiOjI3MDAwMDAwMDAwMDAsInJlYWQiOjMwMDAwMDAwMDAwMCwidXBkYXRlIjoyNzAwMDAwMDAwMDAwfX0=",
          "dependencies": [
            "azurerm_network_interface.maria",
            "azurerm_public_ip.mariapi",
            "azurerm_resource_group.maria",
            "azurerm_subnet.maria",
            "azurerm_virtual_network.maria",
            "data.template_file.maria-vm-cloud-init"
          ]
        }
      ]
    },
    {
      "mode": "managed",
      "type": "azurerm_network_interface",
      "name": "maria",
      "provider": "provider[\"registry.terraform.io/hashicorp/azurerm\"]",
      "instances": [
        {
          "index_key": 0,
          "schema_version": 0,
          "attributes": {
            "applied_dns_servers": [],
            "dns_servers": [],
            "enable_accelerated_networking": false,
            "enable_ip_forwarding": false,
            "id": "/subscriptions/f3aedf34-04a2-4e37-9b22-0a0b6dce14d6/resourceGroups/maria-resources/providers/Microsoft.Network/networkInterfaces/maria-nic0",
            "internal_dns_name_label": "",
            "internal_domain_name_suffix": "1g5xqbya3xoelodhf5a4cvx1xh.ax.internal.cloudapp.net",
            "ip_configuration": [
              {
                "gateway_load_balancer_frontend_ip_configuration_id": "",
                "name": "internal0",
                "primary": true,
                "private_ip_address": "10.0.2.4",
                "private_ip_address_allocation": "Dynamic",
                "private_ip_address_version": "IPv4",
                "public_ip_address_id": "/subscriptions/f3aedf34-04a2-4e37-9b22-0a0b6dce14d6/resourceGroups/maria-resources/providers/Microsoft.Network/publicIPAddresses/maria-pubIP0",
                "subnet_id": "/subscriptions/f3aedf34-04a2-4e37-9b22-0a0b6dce14d6/resourceGroups/maria-resources/providers/Microsoft.Network/virtualNetworks/maria-network.0/subnets/internal0"
              }
            ],
            "location": "westeurope",
            "mac_address": "",
            "name": "maria-nic0",
            "private_ip_address": "10.0.2.4",
            "private_ip_addresses": [
              "10.0.2.4"
            ],
            "resource_group_name": "maria-resources",
            "tags": null,
            "timeouts": null,
            "virtual_machine_id": ""
          },
          "sensitive_attributes": [],
          "private": "eyJlMmJmYjczMC1lY2FhLTExZTYtOGY4OC0zNDM2M2JjN2M0YzAiOnsiY3JlYXRlIjoxODAwMDAwMDAwMDAwLCJkZWxldGUiOjE4MDAwMDAwMDAwMDAsInJlYWQiOjMwMDAwMDAwMDAwMCwidXBkYXRlIjoxODAwMDAwMDAwMDAwfX0=",
          "dependencies": [
            "azurerm_public_ip.mariapi",
            "azurerm_resource_group.maria",
            "azurerm_subnet.maria",
            "azurerm_virtual_network.maria"
          ]
        },
        {
          "index_key": 1,
          "schema_version": 0,
          "attributes": {
            "applied_dns_servers": [],
            "dns_servers": [],
            "enable_accelerated_networking": false,
            "enable_ip_forwarding": false,
            "id": "/subscriptions/f3aedf34-04a2-4e37-9b22-0a0b6dce14d6/resourceGroups/maria-resources/providers/Microsoft.Network/networkInterfaces/maria-nic1",
            "internal_dns_name_label": "",
            "internal_domain_name_suffix": "z4oh10e5o4uejhycnflpzjb1pd.ax.internal.cloudapp.net",
            "ip_configuration": [
              {
                "gateway_load_balancer_frontend_ip_configuration_id": "",
                "name": "internal1",
                "primary": true,
                "private_ip_address": "10.1.2.4",
                "private_ip_address_allocation": "Dynamic",
                "private_ip_address_version": "IPv4",
                "public_ip_address_id": "/subscriptions/f3aedf34-04a2-4e37-9b22-0a0b6dce14d6/resourceGroups/maria-resources/providers/Microsoft.Network/publicIPAddresses/maria-pubIP1",
                "subnet_id": "/subscriptions/f3aedf34-04a2-4e37-9b22-0a0b6dce14d6/resourceGroups/maria-resources/providers/Microsoft.Network/virtualNetworks/maria-network.1/subnets/internal1"
              }
            ],
            "location": "westeurope",
            "mac_address": "",
            "name": "maria-nic1",
            "private_ip_address": "10.1.2.4",
            "private_ip_addresses": [
              "10.1.2.4"
            ],
            "resource_group_name": "maria-resources",
            "tags": null,
            "timeouts": null,
            "virtual_machine_id": ""
          },
          "sensitive_attributes": [],
          "private": "eyJlMmJmYjczMC1lY2FhLTExZTYtOGY4OC0zNDM2M2JjN2M0YzAiOnsiY3JlYXRlIjoxODAwMDAwMDAwMDAwLCJkZWxldGUiOjE4MDAwMDAwMDAwMDAsInJlYWQiOjMwMDAwMDAwMDAwMCwidXBkYXRlIjoxODAwMDAwMDAwMDAwfX0=",
          "dependencies": [
            "azurerm_public_ip.mariapi",
            "azurerm_resource_group.maria",
            "azurerm_subnet.maria",
            "azurerm_virtual_network.maria"
          ]
        }
      ]
    },
    {
      "mode": "managed",
      "type": "azurerm_network_interface_security_group_association",
      "name": "maria",
      "provider": "provider[\"registry.terraform.io/hashicorp/azurerm\"]",
      "instances": [
        {
          "index_key": 0,
          "schema_version": 0,
          "attributes": {
            "id": "/subscriptions/f3aedf34-04a2-4e37-9b22-0a0b6dce14d6/resourceGroups/maria-resources/providers/Microsoft.Network/networkInterfaces/maria-nic0|/subscriptions/f3aedf34-04a2-4e37-9b22-0a0b6dce14d6/resourceGroups/maria-resources/providers/Microsoft.Network/networkSecurityGroups/mariaNSG0",
            "network_interface_id": "/subscriptions/f3aedf34-04a2-4e37-9b22-0a0b6dce14d6/resourceGroups/maria-resources/providers/Microsoft.Network/networkInterfaces/maria-nic0",
            "network_security_group_id": "/subscriptions/f3aedf34-04a2-4e37-9b22-0a0b6dce14d6/resourceGroups/maria-resources/providers/Microsoft.Network/networkSecurityGroups/mariaNSG0",
            "timeouts": null
          },
          "sensitive_attributes": [],
          "private": "eyJlMmJmYjczMC1lY2FhLTExZTYtOGY4OC0zNDM2M2JjN2M0YzAiOnsiY3JlYXRlIjoxODAwMDAwMDAwMDAwLCJkZWxldGUiOjE4MDAwMDAwMDAwMDAsInJlYWQiOjMwMDAwMDAwMDAwMCwidXBkYXRlIjoxODAwMDAwMDAwMDAwfX0=",
          "dependencies": [
            "azurerm_network_interface.maria",
            "azurerm_network_security_group.maria-nsg",
            "azurerm_public_ip.mariapi",
            "azurerm_resource_group.maria",
            "azurerm_subnet.maria",
            "azurerm_virtual_network.maria"
          ]
        },
        {
          "index_key": 1,
          "schema_version": 0,
          "attributes": {
            "id": "/subscriptions/f3aedf34-04a2-4e37-9b22-0a0b6dce14d6/resourceGroups/maria-resources/providers/Microsoft.Network/networkInterfaces/maria-nic1|/subscriptions/f3aedf34-04a2-4e37-9b22-0a0b6dce14d6/resourceGroups/maria-resources/providers/Microsoft.Network/networkSecurityGroups/mariaNSG1",
            "network_interface_id": "/subscriptions/f3aedf34-04a2-4e37-9b22-0a0b6dce14d6/resourceGroups/maria-resources/providers/Microsoft.Network/networkInterfaces/maria-nic1",
            "network_security_group_id": "/subscriptions/f3aedf34-04a2-4e37-9b22-0a0b6dce14d6/resourceGroups/maria-resources/providers/Microsoft.Network/networkSecurityGroups/mariaNSG1",
            "timeouts": null
          },
          "sensitive_attributes": [],
          "private": "eyJlMmJmYjczMC1lY2FhLTExZTYtOGY4OC0zNDM2M2JjN2M0YzAiOnsiY3JlYXRlIjoxODAwMDAwMDAwMDAwLCJkZWxldGUiOjE4MDAwMDAwMDAwMDAsInJlYWQiOjMwMDAwMDAwMDAwMCwidXBkYXRlIjoxODAwMDAwMDAwMDAwfX0=",
          "dependencies": [
            "azurerm_network_interface.maria",
            "azurerm_network_security_group.maria-nsg",
            "azurerm_public_ip.mariapi",
            "azurerm_resource_group.maria",
            "azurerm_subnet.maria",
            "azurerm_virtual_network.maria"
          ]
        }
      ]
    },
    {
      "mode": "managed",
      "type": "azurerm_network_security_group",
      "name": "maria-nsg",
      "provider": "provider[\"registry.terraform.io/hashicorp/azurerm\"]",
      "instances": [
        {
          "index_key": 0,
          "schema_version": 0,
          "attributes": {
            "id": "/subscriptions/f3aedf34-04a2-4e37-9b22-0a0b6dce14d6/resourceGroups/maria-resources/providers/Microsoft.Network/networkSecurityGroups/mariaNSG0",
            "location": "westeurope",
            "name": "mariaNSG0",
            "resource_group_name": "maria-resources",
            "security_rule": [
              {
                "access": "Allow",
                "description": "",
                "destination_address_prefix": "*",
                "destination_address_prefixes": [],
                "destination_application_security_group_ids": [],
                "destination_port_range": "22",
                "destination_port_ranges": [],
                "direction": "Inbound",
                "name": "SSH",
                "priority": 1001,
                "protocol": "Tcp",
                "source_address_prefix": "*",
                "source_address_prefixes": [],
                "source_application_security_group_ids": [],
                "source_port_range": "*",
                "source_port_ranges": []
              },
              {
                "access": "Allow",
                "description": "",
                "destination_address_prefix": "*",
                "destination_address_prefixes": [],
                "destination_application_security_group_ids": [],
                "destination_port_range": "3306",
                "destination_port_ranges": [],
                "direction": "Inbound",
                "name": "mysql-clientIN",
                "priority": 1005,
                "protocol": "Tcp",
                "source_address_prefix": "*",
                "source_address_prefixes": [],
                "source_application_security_group_ids": [],
                "source_port_range": "*",
                "source_port_ranges": []
              },
              {
                "access": "Allow",
                "description": "",
                "destination_address_prefix": "*",
                "destination_address_prefixes": [],
                "destination_application_security_group_ids": [],
                "destination_port_range": "3306",
                "destination_port_ranges": [],
                "direction": "Outbound",
                "name": "mysql-clientOUT",
                "priority": 1005,
                "protocol": "Tcp",
                "source_address_prefix": "*",
                "source_address_prefixes": [],
                "source_application_security_group_ids": [],
                "source_port_range": "*",
                "source_port_ranges": []
              }
            ],
            "tags": {
              "environment": "mariadb"
            },
            "timeouts": null
          },
          "sensitive_attributes": [],
          "private": "eyJlMmJmYjczMC1lY2FhLTExZTYtOGY4OC0zNDM2M2JjN2M0YzAiOnsiY3JlYXRlIjoxODAwMDAwMDAwMDAwLCJkZWxldGUiOjE4MDAwMDAwMDAwMDAsInJlYWQiOjMwMDAwMDAwMDAwMCwidXBkYXRlIjoxODAwMDAwMDAwMDAwfX0=",
          "dependencies": [
            "azurerm_resource_group.maria"
          ]
        },
        {
          "index_key": 1,
          "schema_version": 0,
          "attributes": {
            "id": "/subscriptions/f3aedf34-04a2-4e37-9b22-0a0b6dce14d6/resourceGroups/maria-resources/providers/Microsoft.Network/networkSecurityGroups/mariaNSG1",
            "location": "westeurope",
            "name": "mariaNSG1",
            "resource_group_name": "maria-resources",
            "security_rule": [
              {
                "access": "Allow",
                "description": "",
                "destination_address_prefix": "*",
                "destination_address_prefixes": [],
                "destination_application_security_group_ids": [],
                "destination_port_range": "22",
                "destination_port_ranges": [],
                "direction": "Inbound",
                "name": "SSH",
                "priority": 1001,
                "protocol": "Tcp",
                "source_address_prefix": "*",
                "source_address_prefixes": [],
                "source_application_security_group_ids": [],
                "source_port_range": "*",
                "source_port_ranges": []
              },
              {
                "access": "Allow",
                "description": "",
                "destination_address_prefix": "*",
                "destination_address_prefixes": [],
                "destination_application_security_group_ids": [],
                "destination_port_range": "3306",
                "destination_port_ranges": [],
                "direction": "Inbound",
                "name": "mysql-clientIN",
                "priority": 1005,
                "protocol": "Tcp",
                "source_address_prefix": "*",
                "source_address_prefixes": [],
                "source_application_security_group_ids": [],
                "source_port_range": "*",
                "source_port_ranges": []
              },
              {
                "access": "Allow",
                "description": "",
                "destination_address_prefix": "*",
                "destination_address_prefixes": [],
                "destination_application_security_group_ids": [],
                "destination_port_range": "3306",
                "destination_port_ranges": [],
                "direction": "Outbound",
                "name": "mysql-clientOUT",
                "priority": 1005,
                "protocol": "Tcp",
                "source_address_prefix": "*",
                "source_address_prefixes": [],
                "source_application_security_group_ids": [],
                "source_port_range": "*",
                "source_port_ranges": []
              }
            ],
            "tags": {
              "environment": "mariadb"
            },
            "timeouts": null
          },
          "sensitive_attributes": [],
          "private": "eyJlMmJmYjczMC1lY2FhLTExZTYtOGY4OC0zNDM2M2JjN2M0YzAiOnsiY3JlYXRlIjoxODAwMDAwMDAwMDAwLCJkZWxldGUiOjE4MDAwMDAwMDAwMDAsInJlYWQiOjMwMDAwMDAwMDAwMCwidXBkYXRlIjoxODAwMDAwMDAwMDAwfX0=",
          "dependencies": [
            "azurerm_resource_group.maria"
          ]
        }
      ]
    },
    {
      "mode": "managed",
      "type": "azurerm_public_ip",
      "name": "mariapi",
      "provider": "provider[\"registry.terraform.io/hashicorp/azurerm\"]",
      "instances": [
        {
          "index_key": 0,
          "schema_version": 0,
          "attributes": {
            "allocation_method": "Static",
            "availability_zone": "No-Zone",
            "domain_name_label": "swit165az303-maria0",
            "fqdn": "swit165az303-maria0.westeurope.cloudapp.azure.com",
            "id": "/subscriptions/f3aedf34-04a2-4e37-9b22-0a0b6dce14d6/resourceGroups/maria-resources/providers/Microsoft.Network/publicIPAddresses/maria-pubIP0",
            "idle_timeout_in_minutes": 4,
            "ip_address": "13.95.192.150",
            "ip_tags": null,
            "ip_version": "IPv4",
            "location": "westeurope",
            "name": "maria-pubIP0",
            "public_ip_prefix_id": null,
            "resource_group_name": "maria-resources",
            "reverse_fqdn": "",
            "sku": "Basic",
            "sku_tier": "Regional",
            "tags": null,
            "timeouts": null,
            "zones": []
          },
          "sensitive_attributes": [],
          "private": "eyJlMmJmYjczMC1lY2FhLTExZTYtOGY4OC0zNDM2M2JjN2M0YzAiOnsiY3JlYXRlIjoxODAwMDAwMDAwMDAwLCJkZWxldGUiOjE4MDAwMDAwMDAwMDAsInJlYWQiOjMwMDAwMDAwMDAwMCwidXBkYXRlIjoxODAwMDAwMDAwMDAwfX0=",
          "dependencies": [
            "azurerm_resource_group.maria"
          ]
        },
        {
          "index_key": 1,
          "schema_version": 0,
          "attributes": {
            "allocation_method": "Static",
            "availability_zone": "No-Zone",
            "domain_name_label": "swit165az303-maria1",
            "fqdn": "swit165az303-maria1.westeurope.cloudapp.azure.com",
            "id": "/subscriptions/f3aedf34-04a2-4e37-9b22-0a0b6dce14d6/resourceGroups/maria-resources/providers/Microsoft.Network/publicIPAddresses/maria-pubIP1",
            "idle_timeout_in_minutes": 4,
            "ip_address": "13.95.193.239",
            "ip_tags": null,
            "ip_version": "IPv4",
            "location": "westeurope",
            "name": "maria-pubIP1",
            "public_ip_prefix_id": null,
            "resource_group_name": "maria-resources",
            "reverse_fqdn": "",
            "sku": "Basic",
            "sku_tier": "Regional",
            "tags": null,
            "timeouts": null,
            "zones": []
          },
          "sensitive_attributes": [],
          "private": "eyJlMmJmYjczMC1lY2FhLTExZTYtOGY4OC0zNDM2M2JjN2M0YzAiOnsiY3JlYXRlIjoxODAwMDAwMDAwMDAwLCJkZWxldGUiOjE4MDAwMDAwMDAwMDAsInJlYWQiOjMwMDAwMDAwMDAwMCwidXBkYXRlIjoxODAwMDAwMDAwMDAwfX0=",
          "dependencies": [
            "azurerm_resource_group.maria"
          ]
        }
      ]
    },
    {
      "mode": "managed",
      "type": "azurerm_resource_group",
      "name": "maria",
      "provider": "provider[\"registry.terraform.io/hashicorp/azurerm\"]",
      "instances": [
        {
          "schema_version": 0,
          "attributes": {
            "id": "/subscriptions/f3aedf34-04a2-4e37-9b22-0a0b6dce14d6/resourceGroups/maria-resources",
            "location": "westeurope",
            "name": "maria-resources",
            "tags": null,
            "timeouts": null
          },
          "sensitive_attributes": [],
          "private": "eyJlMmJmYjczMC1lY2FhLTExZTYtOGY4OC0zNDM2M2JjN2M0YzAiOnsiY3JlYXRlIjo1NDAwMDAwMDAwMDAwLCJkZWxldGUiOjU0MDAwMDAwMDAwMDAsInJlYWQiOjMwMDAwMDAwMDAwMCwidXBkYXRlIjo1NDAwMDAwMDAwMDAwfX0="
        }
      ]
    },
    {
      "mode": "managed",
      "type": "azurerm_subnet",
      "name": "maria",
      "provider": "provider[\"registry.terraform.io/hashicorp/azurerm\"]",
      "instances": [
        {
          "index_key": 0,
          "schema_version": 0,
          "attributes": {
            "address_prefix": "10.0.2.0/24",
            "address_prefixes": [
              "10.0.2.0/24"
            ],
            "delegation": [],
            "enforce_private_link_endpoint_network_policies": false,
            "enforce_private_link_service_network_policies": false,
            "id": "/subscriptions/f3aedf34-04a2-4e37-9b22-0a0b6dce14d6/resourceGroups/maria-resources/providers/Microsoft.Network/virtualNetworks/maria-network.0/subnets/internal0",
            "name": "internal0",
            "resource_group_name": "maria-resources",
            "service_endpoint_policy_ids": null,
            "service_endpoints": null,
            "timeouts": null,
            "virtual_network_name": "maria-network.0"
          },
          "sensitive_attributes": [],
          "private": "eyJlMmJmYjczMC1lY2FhLTExZTYtOGY4OC0zNDM2M2JjN2M0YzAiOnsiY3JlYXRlIjoxODAwMDAwMDAwMDAwLCJkZWxldGUiOjE4MDAwMDAwMDAwMDAsInJlYWQiOjMwMDAwMDAwMDAwMCwidXBkYXRlIjoxODAwMDAwMDAwMDAwfX0=",
          "dependencies": [
            "azurerm_resource_group.maria",
            "azurerm_virtual_network.maria"
          ]
        },
        {
          "index_key": 1,
          "schema_version": 0,
          "attributes": {
            "address_prefix": "10.1.2.0/24",
            "address_prefixes": [
              "10.1.2.0/24"
            ],
            "delegation": [],
            "enforce_private_link_endpoint_network_policies": false,
            "enforce_private_link_service_network_policies": false,
            "id": "/subscriptions/f3aedf34-04a2-4e37-9b22-0a0b6dce14d6/resourceGroups/maria-resources/providers/Microsoft.Network/virtualNetworks/maria-network.1/subnets/internal1",
            "name": "internal1",
            "resource_group_name": "maria-resources",
            "service_endpoint_policy_ids": null,
            "service_endpoints": null,
            "timeouts": null,
            "virtual_network_name": "maria-network.1"
          },
          "sensitive_attributes": [],
          "private": "eyJlMmJmYjczMC1lY2FhLTExZTYtOGY4OC0zNDM2M2JjN2M0YzAiOnsiY3JlYXRlIjoxODAwMDAwMDAwMDAwLCJkZWxldGUiOjE4MDAwMDAwMDAwMDAsInJlYWQiOjMwMDAwMDAwMDAwMCwidXBkYXRlIjoxODAwMDAwMDAwMDAwfX0=",
          "dependencies": [
            "azurerm_resource_group.maria",
            "azurerm_virtual_network.maria"
          ]
        }
      ]
    },
    {
      "mode": "managed",
      "type": "azurerm_virtual_network",
      "name": "maria",
      "provider": "provider[\"registry.terraform.io/hashicorp/azurerm\"]",
      "instances": [
        {
          "index_key": 0,
          "schema_version": 0,
          "attributes": {
            "address_space": [
              "10.0.0.0/16"
            ],
            "bgp_community": "",
            "ddos_protection_plan": [],
            "dns_servers": [],
            "flow_timeout_in_minutes": 0,
            "guid": "0778bfd9-ed00-45dc-b867-2fc1e156fbbf",
            "id": "/subscriptions/f3aedf34-04a2-4e37-9b22-0a0b6dce14d6/resourceGroups/maria-resources/providers/Microsoft.Network/virtualNetworks/maria-network.0",
            "location": "westeurope",
            "name": "maria-network.0",
            "resource_group_name": "maria-resources",
            "subnet": [],
            "tags": null,
            "timeouts": null,
            "vm_protection_enabled": false
          },
          "sensitive_attributes": [],
          "private": "eyJlMmJmYjczMC1lY2FhLTExZTYtOGY4OC0zNDM2M2JjN2M0YzAiOnsiY3JlYXRlIjoxODAwMDAwMDAwMDAwLCJkZWxldGUiOjE4MDAwMDAwMDAwMDAsInJlYWQiOjMwMDAwMDAwMDAwMCwidXBkYXRlIjoxODAwMDAwMDAwMDAwfX0=",
          "dependencies": [
            "azurerm_resource_group.maria"
          ]
        },
        {
          "index_key": 1,
          "schema_version": 0,
          "attributes": {
            "address_space": [
              "10.1.0.0/16"
            ],
            "bgp_community": "",
            "ddos_protection_plan": [],
            "dns_servers": [],
            "flow_timeout_in_minutes": 0,
            "guid": "e87d9ccf-779f-44a8-9f02-6956fca43b7b",
            "id": "/subscriptions/f3aedf34-04a2-4e37-9b22-0a0b6dce14d6/resourceGroups/maria-resources/providers/Microsoft.Network/virtualNetworks/maria-network.1",
            "location": "westeurope",
            "name": "maria-network.1",
            "resource_group_name": "maria-resources",
            "subnet": [],
            "tags": null,
            "timeouts": null,
            "vm_protection_enabled": false
          },
          "sensitive_attributes": [],
          "private": "eyJlMmJmYjczMC1lY2FhLTExZTYtOGY4OC0zNDM2M2JjN2M0YzAiOnsiY3JlYXRlIjoxODAwMDAwMDAwMDAwLCJkZWxldGUiOjE4MDAwMDAwMDAwMDAsInJlYWQiOjMwMDAwMDAwMDAwMCwidXBkYXRlIjoxODAwMDAwMDAwMDAwfX0=",
          "dependencies": [
            "azurerm_resource_group.maria"
          ]
        }
      ]
    }
  ]
}
